
Microsoft Visual Studio Solution File, Format Version 12.00
# Visual Studio 15
VisualStudioVersion = 15.0.28010.2026
MinimumVisualStudioVersion = 10.0.40219.1
Project("{FAE04EC0-301F-11D3-BF4B-00C04F79EFBC}") = "DataStructuresAssignment", "DataStructuresAssignment\DataStructuresAssignment.csproj", "{FB214E28-D8ED-42B8-B45D-EC6844A7E81E}"
EndProject
Global
	GlobalSection(SolutionConfigurationPlatforms) = preSolution
		Debug|Any CPU = Debug|Any CPU
		Release|Any CPU = Release|Any CPU
	EndGlobalSection
	GlobalSection(ProjectConfigurationPlatforms) = postSolution
		{FB214E28-D8ED-42B8-B45D-EC6844A7E81E}.Debug|Any CPU.ActiveCfg = Debug|Any CPU
		{FB214E28-D8ED-42B8-B45D-EC6844A7E81E}.Debug|Any CPU.Build.0 = Debug|Any CPU
		{FB214E28-D8ED-42B8-B45D-EC6844A7E81E}.Release|Any CPU.ActiveCfg = Release|Any CPU
		{FB214E28-D8ED-42B8-B45D-EC6844A7E81E}.Release|Any CPU.Build.0 = Release|Any CPU
	EndGlobalSection
	GlobalSection(SolutionProperties) = preSolution
		HideSolutionNode = FALSE
	EndGlobalSection
	GlobalSection(ExtensibilityGlobals) = postSolution
		SolutionGuid = {DFF8CC74-740A-45A2-9642-C1F2030FD2A2}
	EndGlobalSection
EndGlobal
